// !$*UTF8*$!
{
	archiveVersion = 1;
	classes = {
	};
	objectVersion = 46;
	objects = {

/* Begin PBXBuildFile section */
		9295B2051D66D67000B574B1 /* main.m in Sources */ = {isa = PBXBuildFile; fileRef = 9295B2041D66D67000B574B1 /* main.m */; };
		9295B2081D66D67000B574B1 /* AppDelegate.m in Sources */ = {isa = PBXBuildFile; fileRef = 9295B2071D66D67000B574B1 /* AppDelegate.m */; };
		9295B20B1D66D67000B574B1 /* ViewController.m in Sources */ = {isa = PBXBuildFile; fileRef = 9295B20A1D66D67000B574B1 /* ViewController.m */; };
		9295B20E1D66D67000B574B1 /* Main.storyboard in Resources */ = {isa = PBXBuildFile; fileRef = 9295B20C1D66D67000B574B1 /* Main.storyboard */; };
		9295B2101D66D67000B574B1 /* Assets.xcassets in Resources */ = {isa = PBXBuildFile; fileRef = 9295B20F1D66D67000B574B1 /* Assets.xcassets */; };
		9295B2131D66D67000B574B1 /* LaunchScreen.storyboard in Resources */ = {isa = PBXBuildFile; fileRef = 9295B2111D66D67000B574B1 /* LaunchScreen.storyboard */; };
		9295B2181D66D67000B574B1 /* Group的使用 WatchKit App.app in Embed Watch Content */ = {isa = PBXBuildFile; fileRef = 9295B2171D66D67000B574B1 /* Group的使用 WatchKit App.app */; };
		9295B21E1D66D67000B574B1 /* Interface.storyboard in Resources */ = {isa = PBXBuildFile; fileRef = 9295B21C1D66D67000B574B1 /* Interface.storyboard */; };
		9295B2201D66D67000B574B1 /* Assets.xcassets in Resources */ = {isa = PBXBuildFile; fileRef = 9295B21F1D66D67000B574B1 /* Assets.xcassets */; };
		9295B2271D66D67000B574B1 /* Group的使用 WatchKit Extension.appex in Embed App Extensions */ = {isa = PBXBuildFile; fileRef = 9295B2261D66D67000B574B1 /* Group的使用 WatchKit Extension.appex */; settings = {ATTRIBUTES = (RemoveHeadersOnCopy, ); }; };
		9295B22F1D66D67000B574B1 /* InterfaceController.m in Sources */ = {isa = PBXBuildFile; fileRef = 9295B22E1D66D67000B574B1 /* InterfaceController.m */; };
		9295B2321D66D67000B574B1 /* ExtensionDelegate.m in Sources */ = {isa = PBXBuildFile; fileRef = 9295B2311D66D67000B574B1 /* ExtensionDelegate.m */; };
		9295B2351D66D67000B574B1 /* NotificationController.m in Sources */ = {isa = PBXBuildFile; fileRef = 9295B2341D66D67000B574B1 /* NotificationController.m */; };
		9295B2371D66D67000B574B1 /* Assets.xcassets in Resources */ = {isa = PBXBuildFile; fileRef = 9295B2361D66D67000B574B1 /* Assets.xcassets */; };
/* End PBXBuildFile section */

/* Begin PBXContainerItemProxy section */
		9295B2191D66D67000B574B1 /* PBXContainerItemProxy */ = {
			isa = PBXContainerItemProxy;
			containerPortal = 9295B1F81D66D67000B574B1 /* Project object */;
			proxyType = 1;
			remoteGlobalIDString = 9295B2161D66D67000B574B1;
			remoteInfo = "Group的使用 WatchKit App";
		};
		9295B2281D66D67000B574B1 /* PBXContainerItemProxy */ = {
			isa = PBXContainerItemProxy;
			containerPortal = 9295B1F81D66D67000B574B1 /* Project object */;
			proxyType = 1;
			remoteGlobalIDString = 9295B2251D66D67000B574B1;
			remoteInfo = "Group的使用 WatchKit Extension";
		};
/* End PBXContainerItemProxy section */

/* Begin PBXCopyFilesBuildPhase section */
		9295B23E1D66D67000B574B1 /* Embed App Extensions */ = {
			isa = PBXCopyFilesBuildPhase;
			buildActionMask = 2147483647;
			dstPath = "";
			dstSubfolderSpec = 13;
			files = (
				9295B2271D66D67000B574B1 /* Group的使用 WatchKit Extension.appex in Embed App Extensions */,
			);
			name = "Embed App Extensions";
			runOnlyForDeploymentPostprocessing = 0;
		};
		9295B2421D66D67000B574B1 /* Embed Watch Content */ = {
			isa = PBXCopyFilesBuildPhase;
			buildActionMask = 2147483647;
			dstPath = "$(CONTENTS_FOLDER_PATH)/Watch";
			dstSubfolderSpec = 16;
			files = (
				9295B2181D66D67000B574B1 /* Group的使用 WatchKit App.app in Embed Watch Content */,
			);
			name = "Embed Watch Content";
			runOnlyForDeploymentPostprocessing = 0;
		};
/* End PBXCopyFilesBuildPhase section */

/* Begin PBXFileReference section */
		9295B2001D66D67000B574B1 /* Group的使用.app */ = {isa = PBXFileReference; explicitFileType = wrapper.application; includeInIndex = 0; path = "Group的使用.app"; sourceTree = BUILT_PRODUCTS_DIR; };
		9295B2041D66D67000B574B1 /* main.m */ = {isa = PBXFileReference; lastKnownFileType = sourcecode.c.objc; path = main.m; sourceTree = "<group>"; };
		9295B2061D66D67000B574B1 /* AppDelegate.h */ = {isa = PBXFileReference; lastKnownFileType = sourcecode.c.h; path = AppDelegate.h; sourceTree = "<group>"; };
		9295B2071D66D67000B574B1 /* AppDelegate.m */ = {isa = PBXFileReference; lastKnownFileType = sourcecode.c.objc; path = AppDelegate.m; sourceTree = "<group>"; };
		9295B2091D66D67000B574B1 /* ViewController.h */ = {isa = PBXFileReference; lastKnownFileType = sourcecode.c.h; path = ViewController.h; sourceTree = "<group>"; };
		9295B20A1D66D67000B574B1 /* ViewController.m */ = {isa = PBXFileReference; lastKnownFileType = sourcecode.c.objc; path = ViewController.m; sourceTree = "<group>"; };
		9295B20D1D66D67000B574B1 /* Base */ = {isa = PBXFileReference; lastKnownFileType = file.storyboard; name = Base; path = Base.lproj/Main.storyboard; sourceTree = "<group>"; };
		9295B20F1D66D67000B574B1 /* Assets.xcassets */ = {isa = PBXFileReference; lastKnownFileType = folder.assetcatalog; path = Assets.xcassets; sourceTree = "<group>"; };
		9295B2121D66D67000B574B1 /* Base */ = {isa = PBXFileReference; lastKnownFileType = file.storyboard; name = Base; path = Base.lproj/LaunchScreen.storyboard; sourceTree = "<group>"; };
		9295B2141D66D67000B574B1 /* Info.plist */ = {isa = PBXFileReference; lastKnownFileType = text.plist.xml; path = Info.plist; sourceTree = "<group>"; };
		9295B2171D66D67000B574B1 /* Group的使用 WatchKit App.app */ = {isa = PBXFileReference; explicitFileType = wrapper.application; includeInIndex = 0; path = "Group的使用 WatchKit App.app"; sourceTree = BUILT_PRODUCTS_DIR; };
		9295B21D1D66D67000B574B1 /* Base */ = {isa = PBXFileReference; lastKnownFileType = file.storyboard; name = Base; path = Base.lproj/Interface.storyboard; sourceTree = "<group>"; };
		9295B21F1D66D67000B574B1 /* Assets.xcassets */ = {isa = PBXFileReference; lastKnownFileType = folder.assetcatalog; path = Assets.xcassets; sourceTree = "<group>"; };
		9295B2211D66D67000B574B1 /* Info.plist */ = {isa = PBXFileReference; lastKnownFileType = text.plist.xml; path = Info.plist; sourceTree = "<group>"; };
		9295B2261D66D67000B574B1 /* Group的使用 WatchKit Extension.appex */ = {isa = PBXFileReference; explicitFileType = "wrapper.app-extension"; includeInIndex = 0; path = "Group的使用 WatchKit Extension.appex"; sourceTree = BUILT_PRODUCTS_DIR; };
		9295B22C1D66D67000B574B1 /* PushNotificationPayload.apns */ = {isa = PBXFileReference; lastKnownFileType = text; path = PushNotificationPayload.apns; sourceTree = "<group>"; };
		9295B22D1D66D67000B574B1 /* InterfaceController.h */ = {isa = PBXFileReference; lastKnownFileType = sourcecode.c.h; path = InterfaceController.h; sourceTree = "<group>"; };
		9295B22E1D66D67000B574B1 /* InterfaceController.m */ = {isa = PBXFileReference; lastKnownFileType = sourcecode.c.objc; path = InterfaceController.m; sourceTree = "<group>"; };
		9295B2301D66D67000B574B1 /* ExtensionDelegate.h */ = {isa = PBXFileReference; lastKnownFileType = sourcecode.c.h; path = ExtensionDelegate.h; sourceTree = "<group>"; };
		9295B2311D66D67000B574B1 /* ExtensionDelegate.m */ = {isa = PBXFileReference; lastKnownFileType = sourcecode.c.objc; path = ExtensionDelegate.m; sourceTree = "<group>"; };
		9295B2331D66D67000B574B1 /* NotificationController.h */ = {isa = PBXFileReference; lastKnownFileType = sourcecode.c.h; path = NotificationController.h; sourceTree = "<group>"; };
		9295B2341D66D67000B574B1 /* NotificationController.m */ = {isa = PBXFileReference; lastKnownFileType = sourcecode.c.objc; path = NotificationController.m; sourceTree = "<group>"; };
		9295B2361D66D67000B574B1 /* Assets.xcassets */ = {isa = PBXFileReference; lastKnownFileType = folder.assetcatalog; path = Assets.xcassets; sourceTree = "<group>"; };
		9295B2381D66D67000B574B1 /* Info.plist */ = {isa = PBXFileReference; lastKnownFileType = text.plist.xml; path = Info.plist; sourceTree = "<group>"; };
/* End PBXFileReference section */

/* Begin PBXFrameworksBuildPhase section */
		9295B1FD1D66D67000B574B1 /* Frameworks */ = {
			isa = PBXFrameworksBuildPhase;
			buildActionMask = 2147483647;
			files = (
			);
			runOnlyForDeploymentPostprocessing = 0;
		};
		9295B2231D66D67000B574B1 /* Frameworks */ = {
			isa = PBXFrameworksBuildPhase;
			buildActionMask = 2147483647;
			files = (
			);
			runOnlyForDeploymentPostprocessing = 0;
		};
/* End PBXFrameworksBuildPhase section */

/* Begin PBXGroup section */
		9295B1F71D66D67000B574B1 = {
			isa = PBXGroup;
			children = (
				9295B2021D66D67000B574B1 /* Group的使用 */,
				9295B21B1D66D67000B574B1 /* Group的使用 WatchKit App */,
				9295B22A1D66D67000B574B1 /* Group的使用 WatchKit Extension */,
				9295B2011D66D67000B574B1 /* Products */,
			);
			sourceTree = "<group>";
		};
		9295B2011D66D67000B574B1 /* Products */ = {
			isa = PBXGroup;
			children = (
				9295B2001D66D67000B574B1 /* Group的使用.app */,
				9295B2171D66D67000B574B1 /* Group的使用 WatchKit App.app */,
				9295B2261D66D67000B574B1 /* Group的使用 WatchKit Extension.appex */,
			);
			name = Products;
			sourceTree = "<group>";
		};
		9295B2021D66D67000B574B1 /* Group的使用 */ = {
			isa = PBXGroup;
			children = (
				9295B2061D66D67000B574B1 /* AppDelegate.h */,
				9295B2071D66D67000B574B1 /* AppDelegate.m */,
				9295B2091D66D67000B574B1 /* ViewController.h */,
				9295B20A1D66D67000B574B1 /* ViewController.m */,
				9295B20C1D66D67000B574B1 /* Main.storyboard */,
				9295B20F1D66D67000B574B1 /* Assets.xcassets */,
				9295B2111D66D67000B574B1 /* LaunchScreen.storyboard */,
				9295B2141D66D67000B574B1 /* Info.plist */,
				9295B2031D66D67000B574B1 /* Supporting Files */,
			);
			path = "Group的使用";
			sourceTree = "<group>";
		};
		9295B2031D66D67000B574B1 /* Supporting Files */ = {
			isa = PBXGroup;
			children = (
				9295B2041D66D67000B574B1 /* main.m */,
			);
			name = "Supporting Files";
			sourceTree = "<group>";
		};
		9295B21B1D66D67000B574B1 /* Group的使用 WatchKit App */ = {
			isa = PBXGroup;
			children = (
				9295B21C1D66D67000B574B1 /* Interface.storyboard */,
				9295B21F1D66D67000B574B1 /* Assets.xcassets */,
				9295B2211D66D67000B574B1 /* Info.plist */,
			);
			path = "Group的使用 WatchKit App";
			sourceTree = "<group>";
		};
		9295B22A1D66D67000B574B1 /* Group的使用 WatchKit Extension */ = {
			isa = PBXGroup;
			children = (
				9295B22D1D66D67000B574B1 /* InterfaceController.h */,
				9295B22E1D66D67000B574B1 /* InterfaceController.m */,
				9295B2301D66D67000B574B1 /* ExtensionDelegate.h */,
				9295B2311D66D67000B574B1 /* ExtensionDelegate.m */,
				9295B2331D66D67000B574B1 /* NotificationController.h */,
				9295B2341D66D67000B574B1 /* NotificationController.m */,
				9295B2361D66D67000B574B1 /* Assets.xcassets */,
				9295B2381D66D67000B574B1 /* Info.plist */,
				9295B22B1D66D67000B574B1 /* Supporting Files */,
			);
			path = "Group的使用 WatchKit Extension";
			sourceTree = "<group>";
		};
		9295B22B1D66D67000B574B1 /* Supporting Files */ = {
			isa = PBXGroup;
			children = (
				9295B22C1D66D67000B574B1 /* PushNotificationPayload.apns */,
			);
			name = "Supporting Files";
			sourceTree = "<group>";
		};
/* End PBXGroup section */

/* Begin PBXNativeTarget section */
		9295B1FF1D66D67000B574B1 /* Group的使用 */ = {
			isa = PBXNativeTarget;
			buildConfigurationList = 9295B2431D66D67000B574B1 /* Build configuration list for PBXNativeTarget "Group的使用" */;
			buildPhases = (
				9295B1FC1D66D67000B574B1 /* Sources */,
				9295B1FD1D66D67000B574B1 /* Frameworks */,
				9295B1FE1D66D67000B574B1 /* Resources */,
				9295B2421D66D67000B574B1 /* Embed Watch Content */,
			);
			buildRules = (
			);
			dependencies = (
				9295B21A1D66D67000B574B1 /* PBXTargetDependency */,
			);
			name = "Group的使用";
			productName = "Group的使用";
			productReference = 9295B2001D66D67000B574B1 /* Group的使用.app */;
			productType = "com.apple.product-type.application";
		};
		9295B2161D66D67000B574B1 /* Group的使用 WatchKit App */ = {
			isa = PBXNativeTarget;
			buildConfigurationList = 9295B23F1D66D67000B574B1 /* Build configuration list for PBXNativeTarget "Group的使用 WatchKit App" */;
			buildPhases = (
				9295B2151D66D67000B574B1 /* Resources */,
				9295B23E1D66D67000B574B1 /* Embed App Extensions */,
			);
			buildRules = (
			);
			dependencies = (
				9295B2291D66D67000B574B1 /* PBXTargetDependency */,
			);
			name = "Group的使用 WatchKit App";
			productName = "Group的使用 WatchKit App";
			productReference = 9295B2171D66D67000B574B1 /* Group的使用 WatchKit App.app */;
			productType = "com.apple.product-type.application.watchapp2";
		};
		9295B2251D66D67000B574B1 /* Group的使用 WatchKit Extension */ = {
			isa = PBXNativeTarget;
			buildConfigurationList = 9295B23B1D66D67000B574B1 /* Build configuration list for PBXNativeTarget "Group的使用 WatchKit Extension" */;
			buildPhases = (
				9295B2221D66D67000B574B1 /* Sources */,
				9295B2231D66D67000B574B1 /* Frameworks */,
				9295B2241D66D67000B574B1 /* Resources */,
			);
			buildRules = (
			);
			dependencies = (
			);
			name = "Group的使用 WatchKit Extension";
			productName = "Group的使用 WatchKit Extension";
			productReference = 9295B2261D66D67000B574B1 /* Group的使用 WatchKit Extension.appex */;
			productType = "com.apple.product-type.watchkit2-extension";
		};
/* End PBXNativeTarget section */

/* Begin PBXProject section */
		9295B1F81D66D67000B574B1 /* Project object */ = {
			isa = PBXProject;
			attributes = {
				LastUpgradeCheck = 0730;
				ORGANIZATIONNAME = SLZeng;
				TargetAttributes = {
					9295B1FF1D66D67000B574B1 = {
						CreatedOnToolsVersion = 7.3.1;
					};
					9295B2161D66D67000B574B1 = {
						CreatedOnToolsVersion = 7.3.1;
					};
					9295B2251D66D67000B574B1 = {
						CreatedOnToolsVersion = 7.3.1;
					};
				};
			};
			buildConfigurationList = 9295B1FB1D66D67000B574B1 /* Build configuration list for PBXProject "Group的使用" */;
			compatibilityVersion = "Xcode 3.2";
			developmentRegion = English;
			hasScannedForEncodings = 0;
			knownRegions = (
				en,
				Base,
			);
			mainGroup = 9295B1F71D66D67000B574B1;
			productRefGroup = 9295B2011D66D67000B574B1 /* Products */;
			projectDirPath = "";
			projectRoot = "";
			targets = (
				9295B1FF1D66D67000B574B1 /* Group的使用 */,
				9295B2161D66D67000B574B1 /* Group的使用 WatchKit App */,
				9295B2251D66D67000B574B1 /* Group的使用 WatchKit Extension */,
			);
		};
/* End PBXProject section */

/* Begin PBXResourcesBuildPhase section */
		9295B1FE1D66D67000B574B1 /* Resources */ = {
			isa = PBXResourcesBuildPhase;
			buildActionMask = 2147483647;
			files = (
				9295B2131D66D67000B574B1 /* LaunchScreen.storyboard in Resources */,
				9295B2101D66D67000B574B1 /* Assets.xcassets in Resources */,
				9295B20E1D66D67000B574B1 /* Main.storyboard in Resources */,
			);
			runOnlyForDeploymentPostprocessing = 0;
		};
		9295B2151D66D67000B574B1 /* Resources */ = {
			isa = PBXResourcesBuildPhase;
			buildActionMask = 2147483647;
			files = (
				9295B2201D66D67000B574B1 /* Assets.xcassets in Resources */,
				9295B21E1D66D67000B574B1 /* Interface.storyboard in Resources */,
			);
			runOnlyForDeploymentPostprocessing = 0;
		};
		9295B2241D66D67000B574B1 /* Resources */ = {
			isa = PBXResourcesBuildPhase;
			buildActionMask = 2147483647;
			files = (
				9295B2371D66D67000B574B1 /* Assets.xcassets in Resources */,
			);
			runOnlyForDeploymentPostprocessing = 0;
		};
/* End PBXResourcesBuildPhase section */

/* Begin PBXSourcesBuildPhase section */
		9295B1FC1D66D67000B574B1 /* Sources */ = {
			isa = PBXSourcesBuildPhase;
			buildActionMask = 2147483647;
			files = (
				9295B20B1D66D67000B574B1 /* ViewController.m in Sources */,
				9295B2081D66D67000B574B1 /* AppDelegate.m in Sources */,
				9295B2051D66D67000B574B1 /* main.m in Sources */,
			);
			runOnlyForDeploymentPostprocessing = 0;
		};
		9295B2221D66D67000B574B1 /* Sources */ = {
			isa = PBXSourcesBuildPhase;
			buildActionMask = 2147483647;
			files = (
				9295B2321D66D67000B574B1 /* ExtensionDelegate.m in Sources */,
				9295B22F1D66D67000B574B1 /* InterfaceController.m in Sources */,
				9295B2351D66D67000B574B1 /* NotificationController.m in Sources */,
			);
			runOnlyForDeploymentPostprocessing = 0;
		};
/* End PBXSourcesBuildPhase section */

/* Begin PBXTargetDependency section */
		9295B21A1D66D67000B574B1 /* PBXTargetDependency */ = {
			isa = PBXTargetDependency;
			target = 9295B2161D66D67000B574B1 /* Group的使用 WatchKit App */;
			targetProxy = 9295B2191D66D67000B574B1 /* PBXContainerItemProxy */;
		};
		9295B2291D66D67000B574B1 /* PBXTargetDependency */ = {
			isa = PBXTargetDependency;
			target = 9295B2251D66D67000B574B1 /* Group的使用 WatchKit Extension */;
			targetProxy = 9295B2281D66D67000B574B1 /* PBXContainerItemProxy */;
		};
/* End PBXTargetDependency section */

/* Begin PBXVariantGroup section */
		9295B20C1D66D67000B574B1 /* Main.storyboard */ = {
			isa = PBXVariantGroup;
			children = (
				9295B20D1D66D67000B574B1 /* Base */,
			);
			name = Main.storyboard;
			sourceTree = "<group>";
		};
		9295B2111D66D67000B574B1 /* LaunchScreen.storyboard */ = {
			isa = PBXVariantGroup;
			children = (
				9295B2121D66D67000B574B1 /* Base */,
			);
			name = LaunchScreen.storyboard;
			sourceTree = "<group>";
		};
		9295B21C1D66D67000B574B1 /* Interface.storyboard */ = {
			isa = PBXVariantGroup;
			children = (
				9295B21D1D66D67000B574B1 /* Base */,
			);
			name = Interface.storyboard;
			sourceTree = "<group>";
		};
/* End PBXVariantGroup section */

/* Begin XCBuildConfiguration section */
		9295B2391D66D67000B574B1 /* Debug */ = {
			isa = XCBuildConfiguration;
			buildSettings = {
				ALWAYS_SEARCH_USER_PATHS = NO;
				CLANG_ANALYZER_NONNULL = YES;
				CLANG_CXX_LANGUAGE_STANDARD = "gnu++0x";
				CLANG_CXX_LIBRARY = "libc++";
				CLANG_ENABLE_MODULES = YES;
				CLANG_ENABLE_OBJC_ARC = YES;
				CLANG_WARN_BOOL_CONVERSION = YES;
				CLANG_WARN_CONSTANT_CONVERSION = YES;
				CLANG_WARN_DIRECT_OBJC_ISA_USAGE = YES_ERROR;
				CLANG_WARN_EMPTY_BODY = YES;
				CLANG_WARN_ENUM_CONVERSION = YES;
				CLANG_WARN_INT_CONVERSION = YES;
				CLANG_WARN_OBJC_ROOT_CLASS = YES_ERROR;
				CLANG_WARN_UNREACHABLE_CODE = YES;
				CLANG_WARN__DUPLICATE_METHOD_MATCH = YES;
				"CODE_SIGN_IDENTITY[sdk=iphoneos*]" = "iPhone Developer";
				COPY_PHASE_STRIP = NO;
				DEBUG_INFORMATION_FORMAT = dwarf;
				ENABLE_STRICT_OBJC_MSGSEND = YES;
				ENABLE_TESTABILITY = YES;
				GCC_C_LANGUAGE_STANDARD = gnu99;
				GCC_DYNAMIC_NO_PIC = NO;
				GCC_NO_COMMON_BLOCKS = YES;
				GCC_OPTIMIZATION_LEVEL = 0;
				GCC_PREPROCESSOR_DEFINITIONS = (
					"DEBUG=1",
					"$(inherited)",
				);
				GCC_WARN_64_TO_32_BIT_CONVERSION = YES;
				GCC_WARN_ABOUT_RETURN_TYPE = YES_ERROR;
				GCC_WARN_UNDECLARED_SELECTOR = YES;
				GCC_WARN_UNINITIALIZED_AUTOS = YES_AGGRESSIVE;
				GCC_WARN_UNUSED_FUNCTION = YES;
				GCC_WARN_UNUSED_VARIABLE = YES;
				IPHONEOS_DEPLOYMENT_TARGET = 9.3;
				MTL_ENABLE_DEBUG_INFO = YES;
				ONLY_ACTIVE_ARCH = YES;
				SDKROOT = iphoneos;
			};
			name = Debug;
		};
		9295B23A1D66D67000B574B1 /* Release */ = {
			isa = XCBuildConfiguration;
			buildSettings = {
				ALWAYS_SEARCH_USER_PATHS = NO;
				CLANG_ANALYZER_NONNULL = YES;
				CLANG_CXX_LANGUAGE_STANDARD = "gnu++0x";
				CLANG_CXX_LIBRARY = "libc++";
				CLANG_ENABLE_MODULES = YES;
				CLANG_ENABLE_OBJC_ARC = YES;
				CLANG_WARN_BOOL_CONVERSION = YES;
				CLANG_WARN_CONSTANT_CONVERSION = YES;
				CLANG_WARN_DIRECT_OBJC_ISA_USAGE = YES_ERROR;
				CLANG_WARN_EMPTY_BODY = YES;
				CLANG_WARN_ENUM_CONVERSION = YES;
				CLANG_WARN_INT_CONVERSION = YES;
				CLANG_WARN_OBJC_ROOT_CLASS = YES_ERROR;
				CLANG_WARN_UNREACHABLE_CODE = YES;
				CLANG_WARN__DUPLICATE_METHOD_MATCH = YES;
				"CODE_SIGN_IDENTITY[sdk=iphoneos*]" = "iPhone Developer";
				COPY_PHASE_STRIP = NO;
				DEBUG_INFORMATION_FORMAT = "dwarf-with-dsym";
				ENABLE_NS_ASSERTIONS = NO;
				ENABLE_STRICT_OBJC_MSGSEND = YES;
				GCC_C_LANGUAGE_STANDARD = gnu99;
				GCC_NO_COMMON_BLOCKS = YES;
				GCC_WARN_64_TO_32_BIT_CONVERSION = YES;
				GCC_WARN_ABOUT_RETURN_TYPE = YES_ERROR;
				GCC_WARN_UNDECLARED_SELECTOR = YES;
				GCC_WARN_UNINITIALIZED_AUTOS = YES_AGGRESSIVE;
				GCC_WARN_UNUSED_FUNCTION = YES;
				GCC_WARN_UNUSED_VARIABLE = YES;
				IPHONEOS_DEPLOYMENT_TARGET = 9.3;
				MTL_ENABLE_DEBUG_INFO = NO;
				SDKROOT = iphoneos;
				VALIDATE_PRODUCT = YES;
			};
			name = Release;
		};
		9295B23C1D66D67000B574B1 /* Debug */ = {
			isa = XCBuildConfiguration;
			buildSettings = {
				INFOPLIST_FILE = "Group的使用 WatchKit Extension/Info.plist";
				LD_RUNPATH_SEARCH_PATHS = "$(inherited) @executable_path/Frameworks @executable_path/../../Frameworks";
				PRODUCT_BUNDLE_IDENTIFIER = "Zeng.Group---.watchkitapp.watchkitextension";
				PRODUCT_NAME = "${TARGET_NAME}";
				SDKROOT = watchos;
				SKIP_INSTALL = YES;
				TARGETED_DEVICE_FAMILY = 4;
				WATCHOS_DEPLOYMENT_TARGET = 2.2;
			};
			name = Debug;
		};
		9295B23D1D66D67000B574B1 /* Release */ = {
			isa = XCBuildConfiguration;
			buildSettings = {
				INFOPLIST_FILE = "Group的使用 WatchKit Extension/Info.plist";
				LD_RUNPATH_SEARCH_PATHS = "$(inherited) @executable_path/Frameworks @executable_path/../../Frameworks";
				PRODUCT_BUNDLE_IDENTIFIER = "Zeng.Group---.watchkitapp.watchkitextension";
				PRODUCT_NAME = "${TARGET_NAME}";
				SDKROOT = watchos;
				SKIP_INSTALL = YES;
				TARGETED_DEVICE_FAMILY = 4;
				WATCHOS_DEPLOYMENT_TARGET = 2.2;
			};
			name = Release;
		};
		9295B2401D66D67000B574B1 /* Debug */ = {
			isa = XCBuildConfiguration;
			buildSettings = {
				ASSETCATALOG_COMPILER_APPICON_NAME = AppIcon;
				IBSC_MODULE = "Group____WatchKit_Extension";
				INFOPLIST_FILE = "Group的使用 WatchKit App/Info.plist";
				PRODUCT_BUNDLE_IDENTIFIER = "Zeng.Group---.watchkitapp";
				PRODUCT_NAME = "$(TARGET_NAME)";
				SDKROOT = watchos;
				SKIP_INSTALL = YES;
				TARGETED_DEVICE_FAMILY = 4;
				WATCHOS_DEPLOYMENT_TARGET = 2.2;
			};
			name = Debug;
		};
		9295B2411D66D67000B574B1 /* Release */ = {
			isa = XCBuildConfiguration;
			buildSettings = {
				ASSETCATALOG_COMPILER_APPICON_NAME = AppIcon;
				IBSC_MODULE = "Group____WatchKit_Extension";
				INFOPLIST_FILE = "Group的使用 WatchKit App/Info.plist";
				PRODUCT_BUNDLE_IDENTIFIER = "Zeng.Group---.watchkitapp";
				PRODUCT_NAME = "$(TARGET_NAME)";
				SDKROOT = watchos;
				SKIP_INSTALL = YES;
				TARGETED_DEVICE_FAMILY = 4;
				WATCHOS_DEPLOYMENT_TARGET = 2.2;
			};
			name = Release;
		};
		9295B2441D66D67000B574B1 /* Debug */ = {
			isa = XCBuildConfiguration;
			buildSettings = {
				ASSETCATALOG_COMPILER_APPICON_NAME = AppIcon;
				INFOPLIST_FILE = "Group的使用/Info.plist";
				LD_RUNPATH_SEARCH_PATHS = "$(inherited) @executable_path/Frameworks";
				PRODUCT_BUNDLE_IDENTIFIER = "Zeng.Group---";
				PRODUCT_NAME = "$(TARGET_NAME)";
			};
			name = Debug;
		};
		9295B2451D66D67000B574B1 /* Release */ = {
			isa = XCBuildConfiguration;
			buildSettings = {
				ASSETCATALOG_COMPILER_APPICON_NAME = AppIcon;
				INFOPLIST_FILE = "Group的使用/Info.plist";
				LD_RUNPATH_SEARCH_PATHS = "$(inherited) @executable_path/Frameworks";
				PRODUCT_BUNDLE_IDENTIFIER = "Zeng.Group---";
				PRODUCT_NAME = "$(TARGET_NAME)";
			};
			name = Release;
		};
/* End XCBuildConfiguration section */

/* Begin XCConfigurationList section */
		9295B1FB1D66D67000B574B1 /* Build configuration list for PBXProject "Group的使用" */ = {
			isa = XCConfigurationList;
			buildConfigurations = (
				9295B2391D66D67000B574B1 /* Debug */,
				9295B23A1D66D67000B574B1 /* Release */,
			);
			defaultConfigurationIsVisible = 0;
			defaultConfigurationName = Release;
		};
		9295B23B1D66D67000B574B1 /* Build configuration list for PBXNativeTarget "Group的使用 WatchKit Extension" */ = {
			isa = XCConfigurationList;
			buildConfigurations = (
				9295B23C1D66D67000B574B1 /* Debug */,
				9295B23D1D66D67000B574B1 /* Release */,
			);
			defaultConfigurationIsVisible = 0;
		};
		9295B23F1D66D67000B574B1 /* Build configuration list for PBXNativeTarget "Group的使用 WatchKit App" */ = {
			isa = XCConfigurationList;
			buildConfigurations = (
				9295B2401D66D67000B574B1 /* Debug */,
				9295B2411D66D67000B574B1 /* Release */,
			);
			defaultConfigurationIsVisible = 0;
		};
		9295B2431D66D67000B574B1 /* Build configuration list for PBXNativeTarget "Group的使用" */ = {
			isa = XCConfigurationList;
			buildConfigurations = (
				9295B2441D66D67000B574B1 /* Debug */,
				9295B2451D66D67000B574B1 /* Release */,
			);
			defaultConfigurationIsVisible = 0;
		};
/* End XCConfigurationList section */
	};
	rootObject = 9295B1F81D66D67000B574B1 /* Project object */;
}
